
Microsoft Visual Studio Solution File, Format Version 12.00
# Visual Studio Version 17
VisualStudioVersion = 17.3.32825.248
MinimumVisualStudioVersion = 10.0.40219.1
Project("{FAE04EC0-301F-11D3-BF4B-00C04F79EFBC}") = "ToDoList", "ToDoList\ToDoList.csproj", "{51B5BDCD-6553-448A-98DD-188606DB54C9}"
EndProject
Project("{FAE04EC0-301F-11D3-BF4B-00C04F79EFBC}") = "DAL", "ToDoList\DAL\DAL.csproj", "{F7B8903B-CEA3-4529-89B9-042E750B4073}"
EndProject
Project("{FAE04EC0-301F-11D3-BF4B-00C04F79EFBC}") = "BLL", "ToDoList\BLL\BLL.csproj", "{CC16B8B4-1350-4209-8E95-2C357CBD0B07}"
EndProject
Global
	GlobalSection(SolutionConfigurationPlatforms) = preSolution
		Debug|Any CPU = Debug|Any CPU
		Release|Any CPU = Release|Any CPU
	EndGlobalSection
	GlobalSection(ProjectConfigurationPlatforms) = postSolution
		{51B5BDCD-6553-448A-98DD-188606DB54C9}.Debug|Any CPU.ActiveCfg = Debug|Any CPU
		{51B5BDCD-6553-448A-98DD-188606DB54C9}.Debug|Any CPU.Build.0 = Debug|Any CPU
		{51B5BDCD-6553-448A-98DD-188606DB54C9}.Release|Any CPU.ActiveCfg = Release|Any CPU
		{51B5BDCD-6553-448A-98DD-188606DB54C9}.Release|Any CPU.Build.0 = Release|Any CPU
		{F7B8903B-CEA3-4529-89B9-042E750B4073}.Debug|Any CPU.ActiveCfg = Debug|Any CPU
		{F7B8903B-CEA3-4529-89B9-042E750B4073}.Debug|Any CPU.Build.0 = Debug|Any CPU
		{F7B8903B-CEA3-4529-89B9-042E750B4073}.Release|Any CPU.ActiveCfg = Release|Any CPU
		{F7B8903B-CEA3-4529-89B9-042E750B4073}.Release|Any CPU.Build.0 = Release|Any CPU
		{CC16B8B4-1350-4209-8E95-2C357CBD0B07}.Debug|Any CPU.ActiveCfg = Debug|Any CPU
		{CC16B8B4-1350-4209-8E95-2C357CBD0B07}.Debug|Any CPU.Build.0 = Debug|Any CPU
		{CC16B8B4-1350-4209-8E95-2C357CBD0B07}.Release|Any CPU.ActiveCfg = Release|Any CPU
		{CC16B8B4-1350-4209-8E95-2C357CBD0B07}.Release|Any CPU.Build.0 = Release|Any CPU
	EndGlobalSection
	GlobalSection(SolutionProperties) = preSolution
		HideSolutionNode = FALSE
	EndGlobalSection
	GlobalSection(ExtensibilityGlobals) = postSolution
		SolutionGuid = {652DAA01-0322-415F-888C-EBFA9164E4A8}
	EndGlobalSection
EndGlobal
