
Microsoft Visual Studio Solution File, Format Version 12.00
# Visual Studio Version 17
VisualStudioVersion = 17.3.32825.248
MinimumVisualStudioVersion = 10.0.40219.1
Project("{FAE04EC0-301F-11D3-BF4B-00C04F79EFBC}") = "ConsoleApp", "ConsoleApp\ConsoleApp.csproj", "{4CCE0206-3AD5-4462-93AF-A83935EDF8C4}"
EndProject
Project("{FAE04EC0-301F-11D3-BF4B-00C04F79EFBC}") = "ADONetTests", "ADONetTests\ADONetTests.csproj", "{9D8D6A62-7E0D-41B7-8AAD-3A3991C0AF40}"
EndProject
Global
	GlobalSection(SolutionConfigurationPlatforms) = preSolution
		Debug|Any CPU = Debug|Any CPU
		Release|Any CPU = Release|Any CPU
	EndGlobalSection
	GlobalSection(ProjectConfigurationPlatforms) = postSolution
		{4CCE0206-3AD5-4462-93AF-A83935EDF8C4}.Debug|Any CPU.ActiveCfg = Debug|Any CPU
		{4CCE0206-3AD5-4462-93AF-A83935EDF8C4}.Debug|Any CPU.Build.0 = Debug|Any CPU
		{4CCE0206-3AD5-4462-93AF-A83935EDF8C4}.Release|Any CPU.ActiveCfg = Release|Any CPU
		{4CCE0206-3AD5-4462-93AF-A83935EDF8C4}.Release|Any CPU.Build.0 = Release|Any CPU
		{9D8D6A62-7E0D-41B7-8AAD-3A3991C0AF40}.Debug|Any CPU.ActiveCfg = Debug|Any CPU
		{9D8D6A62-7E0D-41B7-8AAD-3A3991C0AF40}.Debug|Any CPU.Build.0 = Debug|Any CPU
		{9D8D6A62-7E0D-41B7-8AAD-3A3991C0AF40}.Release|Any CPU.ActiveCfg = Release|Any CPU
		{9D8D6A62-7E0D-41B7-8AAD-3A3991C0AF40}.Release|Any CPU.Build.0 = Release|Any CPU
	EndGlobalSection
	GlobalSection(SolutionProperties) = preSolution
		HideSolutionNode = FALSE
	EndGlobalSection
	GlobalSection(ExtensibilityGlobals) = postSolution
		SolutionGuid = {AB60FEDB-1A4D-414B-9B59-83F50898BBF0}
	EndGlobalSection
EndGlobal
